
Microsoft Visual Studio Solution File, Format Version 12.00
# Visual Studio Version 17
VisualStudioVersion = 17.8.34330.188
MinimumVisualStudioVersion = 10.0.40219.1
Project("{9A19103F-16F7-4668-BE54-9A1E7A4F7556}") = "Demo", "Demo\Demo.csproj", "{CF63C085-2D6B-4D1F-A7CE-52F2E97C8FB0}"
EndProject
Global
	GlobalSection(SolutionConfigurationPlatforms) = preSolution
		Debug|Any CPU = Debug|Any CPU
		Release|Any CPU = Release|Any CPU
	EndGlobalSection
	GlobalSection(ProjectConfigurationPlatforms) = postSolution
		{CF63C085-2D6B-4D1F-A7CE-52F2E97C8FB0}.Debug|Any CPU.ActiveCfg = Debug|Any CPU
		{CF63C085-2D6B-4D1F-A7CE-52F2E97C8FB0}.Debug|Any CPU.Build.0 = Debug|Any CPU
		{CF63C085-2D6B-4D1F-A7CE-52F2E97C8FB0}.Release|Any CPU.ActiveCfg = Release|Any CPU
		{CF63C085-2D6B-4D1F-A7CE-52F2E97C8FB0}.Release|Any CPU.Build.0 = Release|Any CPU
	EndGlobalSection
	GlobalSection(SolutionProperties) = preSolution
		HideSolutionNode = FALSE
	EndGlobalSection
	GlobalSection(ExtensibilityGlobals) = postSolution
		SolutionGuid = {72021A96-F5F0-440D-846B-624360926AF9}
	EndGlobalSection
EndGlobal
